PODS:
  - Mocker (2.5.5)
  - SDWebImage/Core (5.12.2)
  - SDWebImage/MapKit (5.12.2):
    - SDWebImage/Core
  - SwiftHash (2.0.2)

DEPENDENCIES:
  - Mocker
  - SDWebImage/MapKit
  - SwiftHash (from `https://github.com/onmyway133/SwiftHash`)

SPEC REPOS:
  trunk:
    - Mocker
    - SDWebImage

EXTERNAL SOURCES:
  SwiftHash:
    :git: https://github.com/onmyway133/SwiftHash

CHECKOUT OPTIONS:
  SwiftHash:
    :commit: cf58096d48a99c1f9b60a4c8a1b5ee1a0553397a
    :git: https://github.com/onmyway133/SwiftHash

SPEC CHECKSUMS:
  Mocker: 8c731a8104962f246cadf2b02556218e9edc1390
  SDWebImage: 240e5c12b592fb1268c1d03b8c90d90e8c2ffe82
  SwiftHash: 6d312abe61c8359bdef8d0093642f3a70b1c17ba

PODFILE CHECKSUM: 6c10bb103651d4eeadd73b2e73fc1696266b5bdb

COCOAPODS: 1.12.0
